// !$*UTF8*$!
{
	archiveVersion = 1;
	classes = {
	};
	objectVersion = 55;
	objects = {

/* Begin PBXBuildFile section */
		09947BDE28041E9E009F7424 /* AppDelegate.swift in Sources */ = {isa = PBXBuildFile; fileRef = 09947BDD28041E9E009F7424 /* AppDelegate.swift */; };
		09947BE028041E9E009F7424 /* SceneDelegate.swift in Sources */ = {isa = PBXBuildFile; fileRef = 09947BDF28041E9E009F7424 /* SceneDelegate.swift */; };
		09947BE228041E9E009F7424 /* ViewController.swift in Sources */ = {isa = PBXBuildFile; fileRef = 09947BE128041E9E009F7424 /* ViewController.swift */; };
		09947BE528041E9E009F7424 /* Main.storyboard in Resources */ = {isa = PBXBuildFile; fileRef = 09947BE328041E9E009F7424 /* Main.storyboard */; };
		09947BE728041E9F009F7424 /* Assets.xcassets in Resources */ = {isa = PBXBuildFile; fileRef = 09947BE628041E9F009F7424 /* Assets.xcassets */; };
		09947BEA28041E9F009F7424 /* LaunchScreen.storyboard in Resources */ = {isa = PBXBuildFile; fileRef = 09947BE828041E9F009F7424 /* LaunchScreen.storyboard */; };
		09947BF528041E9F009F7424 /* KakaoPayMVCTests.swift in Sources */ = {isa = PBXBuildFile; fileRef = 09947BF428041E9F009F7424 /* KakaoPayMVCTests.swift */; };
		09947BFF28041E9F009F7424 /* KakaoPayMVCUITests.swift in Sources */ = {isa = PBXBuildFile; fileRef = 09947BFE28041E9F009F7424 /* KakaoPayMVCUITests.swift */; };
		09947C0128041E9F009F7424 /* KakaoPayMVCUITestsLaunchTests.swift in Sources */ = {isa = PBXBuildFile; fileRef = 09947C0028041E9F009F7424 /* KakaoPayMVCUITestsLaunchTests.swift */; };
/* End PBXBuildFile section */

/* Begin PBXContainerItemProxy section */
		09947BF128041E9F009F7424 /* PBXContainerItemProxy */ = {
			isa = PBXContainerItemProxy;
			containerPortal = 09947BD228041E9E009F7424 /* Project object */;
			proxyType = 1;
			remoteGlobalIDString = 09947BD928041E9E009F7424;
			remoteInfo = KakaoPayMVC;
		};
		09947BFB28041E9F009F7424 /* PBXContainerItemProxy */ = {
			isa = PBXContainerItemProxy;
			containerPortal = 09947BD228041E9E009F7424 /* Project object */;
			proxyType = 1;
			remoteGlobalIDString = 09947BD928041E9E009F7424;
			remoteInfo = KakaoPayMVC;
		};
/* End PBXContainerItemProxy section */

/* Begin PBXFileReference section */
		09947BDA28041E9E009F7424 /* KakaoPayMVC.app */ = {isa = PBXFileReference; explicitFileType = wrapper.application; includeInIndex = 0; path = KakaoPayMVC.app; sourceTree = BUILT_PRODUCTS_DIR; };
		09947BDD28041E9E009F7424 /* AppDelegate.swift */ = {isa = PBXFileReference; lastKnownFileType = sourcecode.swift; path = AppDelegate.swift; sourceTree = "<group>"; };
		09947BDF28041E9E009F7424 /* SceneDelegate.swift */ = {isa = PBXFileReference; lastKnownFileType = sourcecode.swift; path = SceneDelegate.swift; sourceTree = "<group>"; };
		09947BE128041E9E009F7424 /* ViewController.swift */ = {isa = PBXFileReference; lastKnownFileType = sourcecode.swift; path = ViewController.swift; sourceTree = "<group>"; };
		09947BE428041E9E009F7424 /* Base */ = {isa = PBXFileReference; lastKnownFileType = file.storyboard; name = Base; path = Base.lproj/Main.storyboard; sourceTree = "<group>"; };
		09947BE628041E9F009F7424 /* Assets.xcassets */ = {isa = PBXFileReference; lastKnownFileType = folder.assetcatalog; path = Assets.xcassets; sourceTree = "<group>"; };
		09947BE928041E9F009F7424 /* Base */ = {isa = PBXFileReference; lastKnownFileType = file.storyboard; name = Base; path = Base.lproj/LaunchScreen.storyboard; sourceTree = "<group>"; };
		09947BEB28041E9F009F7424 /* Info.plist */ = {isa = PBXFileReference; lastKnownFileType = text.plist.xml; path = Info.plist; sourceTree = "<group>"; };
		09947BF028041E9F009F7424 /* KakaoPayMVCTests.xctest */ = {isa = PBXFileReference; explicitFileType = wrapper.cfbundle; includeInIndex = 0; path = KakaoPayMVCTests.xctest; sourceTree = BUILT_PRODUCTS_DIR; };
		09947BF428041E9F009F7424 /* KakaoPayMVCTests.swift */ = {isa = PBXFileReference; lastKnownFileType = sourcecode.swift; path = KakaoPayMVCTests.swift; sourceTree = "<group>"; };
		09947BFA28041E9F009F7424 /* KakaoPayMVCUITests.xctest */ = {isa = PBXFileReference; explicitFileType = wrapper.cfbundle; includeInIndex = 0; path = KakaoPayMVCUITests.xctest; sourceTree = BUILT_PRODUCTS_DIR; };
		09947BFE28041E9F009F7424 /* KakaoPayMVCUITests.swift */ = {isa = PBXFileReference; lastKnownFileType = sourcecode.swift; path = KakaoPayMVCUITests.swift; sourceTree = "<group>"; };
		09947C0028041E9F009F7424 /* KakaoPayMVCUITestsLaunchTests.swift */ = {isa = PBXFileReference; lastKnownFileType = sourcecode.swift; path = KakaoPayMVCUITestsLaunchTests.swift; sourceTree = "<group>"; };
/* End PBXFileReference section */

/* Begin PBXFrameworksBuildPhase section */
		09947BD728041E9E009F7424 /* Frameworks */ = {
			isa = PBXFrameworksBuildPhase;
			buildActionMask = 2147483647;
			files = (
			);
			runOnlyForDeploymentPostprocessing = 0;
		};
		09947BED28041E9F009F7424 /* Frameworks */ = {
			isa = PBXFrameworksBuildPhase;
			buildActionMask = 2147483647;
			files = (
			);
			runOnlyForDeploymentPostprocessing = 0;
		};
		09947BF728041E9F009F7424 /* Frameworks */ = {
			isa = PBXFrameworksBuildPhase;
			buildActionMask = 2147483647;
			files = (
			);
			runOnlyForDeploymentPostprocessing = 0;
		};
/* End PBXFrameworksBuildPhase section */

/* Begin PBXGroup section */
		09947BD128041E9E009F7424 = {
			isa = PBXGroup;
			children = (
				09947BDC28041E9E009F7424 /* KakaoPayMVC */,
				09947BF328041E9F009F7424 /* KakaoPayMVCTests */,
				09947BFD28041E9F009F7424 /* KakaoPayMVCUITests */,
				09947BDB28041E9E009F7424 /* Products */,
			);
			sourceTree = "<group>";
		};
		09947BDB28041E9E009F7424 /* Products */ = {
			isa = PBXGroup;
			children = (
				09947BDA28041E9E009F7424 /* KakaoPayMVC.app */,
				09947BF028041E9F009F7424 /* KakaoPayMVCTests.xctest */,
				09947BFA28041E9F009F7424 /* KakaoPayMVCUITests.xctest */,
			);
			name = Products;
			sourceTree = "<group>";
		};
		09947BDC28041E9E009F7424 /* KakaoPayMVC */ = {
			isa = PBXGroup;
			children = (
				09947BDD28041E9E009F7424 /* AppDelegate.swift */,
				09947BDF28041E9E009F7424 /* SceneDelegate.swift */,
				09947BE128041E9E009F7424 /* ViewController.swift */,
				09947BE328041E9E009F7424 /* Main.storyboard */,
				09947BE628041E9F009F7424 /* Assets.xcassets */,
				09947BE828041E9F009F7424 /* LaunchScreen.storyboard */,
				09947BEB28041E9F009F7424 /* Info.plist */,
			);
			path = KakaoPayMVC;
			sourceTree = "<group>";
		};
		09947BF328041E9F009F7424 /* KakaoPayMVCTests */ = {
			isa = PBXGroup;
			children = (
				09947BF428041E9F009F7424 /* KakaoPayMVCTests.swift */,
			);
			path = KakaoPayMVCTests;
			sourceTree = "<group>";
		};
		09947BFD28041E9F009F7424 /* KakaoPayMVCUITests */ = {
			isa = PBXGroup;
			children = (
				09947BFE28041E9F009F7424 /* KakaoPayMVCUITests.swift */,
				09947C0028041E9F009F7424 /* KakaoPayMVCUITestsLaunchTests.swift */,
			);
			path = KakaoPayMVCUITests;
			sourceTree = "<group>";
		};
/* End PBXGroup section */

/* Begin PBXNativeTarget section */
		09947BD928041E9E009F7424 /* KakaoPayMVC */ = {
			isa = PBXNativeTarget;
			buildConfigurationList = 09947C0428041E9F009F7424 /* Build configuration list for PBXNativeTarget "KakaoPayMVC" */;
			buildPhases = (
				09947BD628041E9E009F7424 /* Sources */,
				09947BD728041E9E009F7424 /* Frameworks */,
				09947BD828041E9E009F7424 /* Resources */,
			);
			buildRules = (
			);
			dependencies = (
			);
			name = KakaoPayMVC;
			productName = KakaoPayMVC;
			productReference = 09947BDA28041E9E009F7424 /* KakaoPayMVC.app */;
			productType = "com.apple.product-type.application";
		};
		09947BEF28041E9F009F7424 /* KakaoPayMVCTests */ = {
			isa = PBXNativeTarget;
			buildConfigurationList = 09947C0728041E9F009F7424 /* Build configuration list for PBXNativeTarget "KakaoPayMVCTests" */;
			buildPhases = (
				09947BEC28041E9F009F7424 /* Sources */,
				09947BED28041E9F009F7424 /* Frameworks */,
				09947BEE28041E9F009F7424 /* Resources */,
			);
			buildRules = (
			);
			dependencies = (
				09947BF228041E9F009F7424 /* PBXTargetDependency */,
			);
			name = KakaoPayMVCTests;
			productName = KakaoPayMVCTests;
			productReference = 09947BF028041E9F009F7424 /* KakaoPayMVCTests.xctest */;
			productType = "com.apple.product-type.bundle.unit-test";
		};
		09947BF928041E9F009F7424 /* KakaoPayMVCUITests */ = {
			isa = PBXNativeTarget;
			buildConfigurationList = 09947C0A28041E9F009F7424 /* Build configuration list for PBXNativeTarget "KakaoPayMVCUITests" */;
			buildPhases = (
				09947BF628041E9F009F7424 /* Sources */,
				09947BF728041E9F009F7424 /* Frameworks */,
				09947BF828041E9F009F7424 /* Resources */,
			);
			buildRules = (
			);
			dependencies = (
				09947BFC28041E9F009F7424 /* PBXTargetDependency */,
			);
			name = KakaoPayMVCUITests;
			productName = KakaoPayMVCUITests;
			productReference = 09947BFA28041E9F009F7424 /* KakaoPayMVCUITests.xctest */;
			productType = "com.apple.product-type.bundle.ui-testing";
		};
/* End PBXNativeTarget section */

/* Begin PBXProject section */
		09947BD228041E9E009F7424 /* Project object */ = {
			isa = PBXProject;
			attributes = {
				BuildIndependentTargetsInParallel = 1;
				LastSwiftUpdateCheck = 1320;
				LastUpgradeCheck = 1320;
				TargetAttributes = {
					09947BD928041E9E009F7424 = {
						CreatedOnToolsVersion = 13.2.1;
					};
					09947BEF28041E9F009F7424 = {
						CreatedOnToolsVersion = 13.2.1;
						TestTargetID = 09947BD928041E9E009F7424;
					};
					09947BF928041E9F009F7424 = {
						CreatedOnToolsVersion = 13.2.1;
						TestTargetID = 09947BD928041E9E009F7424;
					};
				};
			};
			buildConfigurationList = 09947BD528041E9E009F7424 /* Build configuration list for PBXProject "KakaoPayMVC" */;
			compatibilityVersion = "Xcode 13.0";
			developmentRegion = en;
			hasScannedForEncodings = 0;
			knownRegions = (
				en,
				Base,
			);
			mainGroup = 09947BD128041E9E009F7424;
			productRefGroup = 09947BDB28041E9E009F7424 /* Products */;
			projectDirPath = "";
			projectRoot = "";
			targets = (
				09947BD928041E9E009F7424 /* KakaoPayMVC */,
				09947BEF28041E9F009F7424 /* KakaoPayMVCTests */,
				09947BF928041E9F009F7424 /* KakaoPayMVCUITests */,
			);
		};
/* End PBXProject section */

/* Begin PBXResourcesBuildPhase section */
		09947BD828041E9E009F7424 /* Resources */ = {
			isa = PBXResourcesBuildPhase;
			buildActionMask = 2147483647;
			files = (
				09947BEA28041E9F009F7424 /* LaunchScreen.storyboard in Resources */,
				09947BE728041E9F009F7424 /* Assets.xcassets in Resources */,
				09947BE528041E9E009F7424 /* Main.storyboard in Resources */,
			);
			runOnlyForDeploymentPostprocessing = 0;
		};
		09947BEE28041E9F009F7424 /* Resources */ = {
			isa = PBXResourcesBuildPhase;
			buildActionMask = 2147483647;
			files = (
			);
			runOnlyForDeploymentPostprocessing = 0;
		};
		09947BF828041E9F009F7424 /* Resources */ = {
			isa = PBXResourcesBuildPhase;
			buildActionMask = 2147483647;
			files = (
			);
			runOnlyForDeploymentPostprocessing = 0;
		};
/* End PBXResourcesBuildPhase section */

/* Begin PBXSourcesBuildPhase section */
		09947BD628041E9E009F7424 /* Sources */ = {
			isa = PBXSourcesBuildPhase;
			buildActionMask = 2147483647;
			files = (
				09947BE228041E9E009F7424 /* ViewController.swift in Sources */,
				09947BDE28041E9E009F7424 /* AppDelegate.swift in Sources */,
				09947BE028041E9E009F7424 /* SceneDelegate.swift in Sources */,
			);
			runOnlyForDeploymentPostprocessing = 0;
		};
		09947BEC28041E9F009F7424 /* Sources */ = {
			isa = PBXSourcesBuildPhase;
			buildActionMask = 2147483647;
			files = (
				09947BF528041E9F009F7424 /* KakaoPayMVCTests.swift in Sources */,
			);
			runOnlyForDeploymentPostprocessing = 0;
		};
		09947BF628041E9F009F7424 /* Sources */ = {
			isa = PBXSourcesBuildPhase;
			buildActionMask = 2147483647;
			files = (
				09947C0128041E9F009F7424 /* KakaoPayMVCUITestsLaunchTests.swift in Sources */,
				09947BFF28041E9F009F7424 /* KakaoPayMVCUITests.swift in Sources */,
			);
			runOnlyForDeploymentPostprocessing = 0;
		};
/* End PBXSourcesBuildPhase section */

/* Begin PBXTargetDependency section */
		09947BF228041E9F009F7424 /* PBXTargetDependency */ = {
			isa = PBXTargetDependency;
			target = 09947BD928041E9E009F7424 /* KakaoPayMVC */;
			targetProxy = 09947BF128041E9F009F7424 /* PBXContainerItemProxy */;
		};
		09947BFC28041E9F009F7424 /* PBXTargetDependency */ = {
			isa = PBXTargetDependency;
			target = 09947BD928041E9E009F7424 /* KakaoPayMVC */;
			targetProxy = 09947BFB28041E9F009F7424 /* PBXContainerItemProxy */;
		};
/* End PBXTargetDependency section */

/* Begin PBXVariantGroup section */
		09947BE328041E9E009F7424 /* Main.storyboard */ = {
			isa = PBXVariantGroup;
			children = (
				09947BE428041E9E009F7424 /* Base */,
			);
			name = Main.storyboard;
			sourceTree = "<group>";
		};
		09947BE828041E9F009F7424 /* LaunchScreen.storyboard */ = {
			isa = PBXVariantGroup;
			children = (
				09947BE928041E9F009F7424 /* Base */,
			);
			name = LaunchScreen.storyboard;
			sourceTree = "<group>";
		};
/* End PBXVariantGroup section */

/* Begin XCBuildConfiguration section */
		09947C0228041E9F009F7424 /* Debug */ = {
			isa = XCBuildConfiguration;
			buildSettings = {
				ALWAYS_SEARCH_USER_PATHS = NO;
				CLANG_ANALYZER_NONNULL = YES;
				CLANG_ANALYZER_NUMBER_OBJECT_CONVERSION = YES_AGGRESSIVE;
				CLANG_CXX_LANGUAGE_STANDARD = "gnu++17";
				CLANG_CXX_LIBRARY = "libc++";
				CLANG_ENABLE_MODULES = YES;
				CLANG_ENABLE_OBJC_ARC = YES;
				CLANG_ENABLE_OBJC_WEAK = YES;
				CLANG_WARN_BLOCK_CAPTURE_AUTORELEASING = YES;
				CLANG_WARN_BOOL_CONVERSION = YES;
				CLANG_WARN_COMMA = YES;
				CLANG_WARN_CONSTANT_CONVERSION = YES;
				CLANG_WARN_DEPRECATED_OBJC_IMPLEMENTATIONS = YES;
				CLANG_WARN_DIRECT_OBJC_ISA_USAGE = YES_ERROR;
				CLANG_WARN_DOCUMENTATION_COMMENTS = YES;
				CLANG_WARN_EMPTY_BODY = YES;
				CLANG_WARN_ENUM_CONVERSION = YES;
				CLANG_WARN_INFINITE_RECURSION = YES;
				CLANG_WARN_INT_CONVERSION = YES;
				CLANG_WARN_NON_LITERAL_NULL_CONVERSION = YES;
				CLANG_WARN_OBJC_IMPLICIT_RETAIN_SELF = YES;
				CLANG_WARN_OBJC_LITERAL_CONVERSION = YES;
				CLANG_WARN_OBJC_ROOT_CLASS = YES_ERROR;
				CLANG_WARN_QUOTED_INCLUDE_IN_FRAMEWORK_HEADER = YES;
				CLANG_WARN_RANGE_LOOP_ANALYSIS = YES;
				CLANG_WARN_STRICT_PROTOTYPES = YES;
				CLANG_WARN_SUSPICIOUS_MOVE = YES;
				CLANG_WARN_UNGUARDED_AVAILABILITY = YES_AGGRESSIVE;
				CLANG_WARN_UNREACHABLE_CODE = YES;
				CLANG_WARN__DUPLICATE_METHOD_MATCH = YES;
				COPY_PHASE_STRIP = NO;
				DEBUG_INFORMATION_FORMAT = dwarf;
				ENABLE_STRICT_OBJC_MSGSEND = YES;
				ENABLE_TESTABILITY = YES;
				GCC_C_LANGUAGE_STANDARD = gnu11;
				GCC_DYNAMIC_NO_PIC = NO;
				GCC_NO_COMMON_BLOCKS = YES;
				GCC_OPTIMIZATION_LEVEL = 0;
				GCC_PREPROCESSOR_DEFINITIONS = (
					"DEBUG=1",
					"$(inherited)",
				);
				GCC_WARN_64_TO_32_BIT_CONVERSION = YES;
				GCC_WARN_ABOUT_RETURN_TYPE = YES_ERROR;
				GCC_WARN_UNDECLARED_SELECTOR = YES;
				GCC_WARN_UNINITIALIZED_AUTOS = YES_AGGRESSIVE;
				GCC_WARN_UNUSED_FUNCTION = YES;
				GCC_WARN_UNUSED_VARIABLE = YES;
				IPHONEOS_DEPLOYMENT_TARGET = 15.2;
				MTL_ENABLE_DEBUG_INFO = INCLUDE_SOURCE;
				MTL_FAST_MATH = YES;
				ONLY_ACTIVE_ARCH = YES;
				SDKROOT = iphoneos;
				SWIFT_ACTIVE_COMPILATION_CONDITIONS = DEBUG;
				SWIFT_OPTIMIZATION_LEVEL = "-Onone";
			};
			name = Debug;
		};
		09947C0328041E9F009F7424 /* Release */ = {
			isa = XCBuildConfiguration;
			buildSettings = {
				ALWAYS_SEARCH_USER_PATHS = NO;
				CLANG_ANALYZER_NONNULL = YES;
				CLANG_ANALYZER_NUMBER_OBJECT_CONVERSION = YES_AGGRESSIVE;
				CLANG_CXX_LANGUAGE_STANDARD = "gnu++17";
				CLANG_CXX_LIBRARY = "libc++";
				CLANG_ENABLE_MODULES = YES;
				CLANG_ENABLE_OBJC_ARC = YES;
				CLANG_ENABLE_OBJC_WEAK = YES;
				CLANG_WARN_BLOCK_CAPTURE_AUTORELEASING = YES;
				CLANG_WARN_BOOL_CONVERSION = YES;
				CLANG_WARN_COMMA = YES;
				CLANG_WARN_CONSTANT_CONVERSION = YES;
				CLANG_WARN_DEPRECATED_OBJC_IMPLEMENTATIONS = YES;
				CLANG_WARN_DIRECT_OBJC_ISA_USAGE = YES_ERROR;
				CLANG_WARN_DOCUMENTATION_COMMENTS = YES;
				CLANG_WARN_EMPTY_BODY = YES;
				CLANG_WARN_ENUM_CONVERSION = YES;
				CLANG_WARN_INFINITE_RECURSION = YES;
				CLANG_WARN_INT_CONVERSION = YES;
				CLANG_WARN_NON_LITERAL_NULL_CONVERSION = YES;
				CLANG_WARN_OBJC_IMPLICIT_RETAIN_SELF = YES;
				CLANG_WARN_OBJC_LITERAL_CONVERSION = YES;
				CLANG_WARN_OBJC_ROOT_CLASS = YES_ERROR;
				CLANG_WARN_QUOTED_INCLUDE_IN_FRAMEWORK_HEADER = YES;
				CLANG_WARN_RANGE_LOOP_ANALYSIS = YES;
				CLANG_WARN_STRICT_PROTOTYPES = YES;
				CLANG_WARN_SUSPICIOUS_MOVE = YES;
				CLANG_WARN_UNGUARDED_AVAILABILITY = YES_AGGRESSIVE;
				CLANG_WARN_UNREACHABLE_CODE = YES;
				CLANG_WARN__DUPLICATE_METHOD_MATCH = YES;
				COPY_PHASE_STRIP = NO;
				DEBUG_INFORMATION_FORMAT = "dwarf-with-dsym";
				ENABLE_NS_ASSERTIONS = NO;
				ENABLE_STRICT_OBJC_MSGSEND = YES;
				GCC_C_LANGUAGE_STANDARD = gnu11;
				GCC_NO_COMMON_BLOCKS = YES;
				GCC_WARN_64_TO_32_BIT_CONVERSION = YES;
				GCC_WARN_ABOUT_RETURN_TYPE = YES_ERROR;
				GCC_WARN_UNDECLARED_SELECTOR = YES;
				GCC_WARN_UNINITIALIZED_AUTOS = YES_AGGRESSIVE;
				GCC_WARN_UNUSED_FUNCTION = YES;
				GCC_WARN_UNUSED_VARIABLE = YES;
				IPHONEOS_DEPLOYMENT_TARGET = 15.2;
				MTL_ENABLE_DEBUG_INFO = NO;
				MTL_FAST_MATH = YES;
				SDKROOT = iphoneos;
				SWIFT_COMPILATION_MODE = wholemodule;
				SWIFT_OPTIMIZATION_LEVEL = "-O";
				VALIDATE_PRODUCT = YES;
			};
			name = Release;
		};
		09947C0528041E9F009F7424 /* Debug */ = {
			isa = XCBuildConfiguration;
			buildSettings = {
				ASSETCATALOG_COMPILER_APPICON_NAME = AppIcon;
				ASSETCATALOG_COMPILER_GLOBAL_ACCENT_COLOR_NAME = AccentColor;
				CODE_SIGN_STYLE = Automatic;
				CURRENT_PROJECT_VERSION = 1;
				GENERATE_INFOPLIST_FILE = YES;
				INFOPLIST_FILE = KakaoPayMVC/Info.plist;
				INFOPLIST_KEY_UIApplicationSupportsIndirectInputEvents = YES;
				INFOPLIST_KEY_UILaunchStoryboardName = LaunchScreen;
				INFOPLIST_KEY_UIMainStoryboardFile = Main;
				INFOPLIST_KEY_UISupportedInterfaceOrientations_iPad = "UIInterfaceOrientationPortrait UIInterfaceOrientationPortraitUpsideDown UIInterfaceOrientationLandscapeLeft UIInterfaceOrientationLandscapeRight";
				INFOPLIST_KEY_UISupportedInterfaceOrientations_iPhone = "UIInterfaceOrientationPortrait UIInterfaceOrientationLandscapeLeft UIInterfaceOrientationLandscapeRight";
				LD_RUNPATH_SEARCH_PATHS = (
					"$(inherited)",
					"@executable_path/Frameworks",
				);
				MARKETING_VERSION = 1.0;
				PRODUCT_BUNDLE_IDENTIFIER = com.KakaoPayMVC;
				PRODUCT_NAME = "$(TARGET_NAME)";
				SWIFT_EMIT_LOC_STRINGS = YES;
				SWIFT_VERSION = 5.0;
				TARGETED_DEVICE_FAMILY = "1,2";
			};
			name = Debug;
		};
		09947C0628041E9F009F7424 /* Release */ = {
			isa = XCBuildConfiguration;
			buildSettings = {
				ASSETCATALOG_COMPILER_APPICON_NAME = AppIcon;
				ASSETCATALOG_COMPILER_GLOBAL_ACCENT_COLOR_NAME = AccentColor;
				CODE_SIGN_STYLE = Automatic;
				CURRENT_PROJECT_VERSION = 1;
				GENERATE_INFOPLIST_FILE = YES;
				INFOPLIST_FILE = KakaoPayMVC/Info.plist;
				INFOPLIST_KEY_UIApplicationSupportsIndirectInputEvents = YES;
				INFOPLIST_KEY_UILaunchStoryboardName = LaunchScreen;
				INFOPLIST_KEY_UIMainStoryboardFile = Main;
				INFOPLIST_KEY_UISupportedInterfaceOrientations_iPad = "UIInterfaceOrientationPortrait UIInterfaceOrientationPortraitUpsideDown UIInterfaceOrientationLandscapeLeft UIInterfaceOrientationLandscapeRight";
				INFOPLIST_KEY_UISupportedInterfaceOrientations_iPhone = "UIInterfaceOrientationPortrait UIInterfaceOrientationLandscapeLeft UIInterfaceOrientationLandscapeRight";
				LD_RUNPATH_SEARCH_PATHS = (
					"$(inherited)",
					"@executable_path/Frameworks",
				);
				MARKETING_VERSION = 1.0;
				PRODUCT_BUNDLE_IDENTIFIER = com.KakaoPayMVC;
				PRODUCT_NAME = "$(TARGET_NAME)";
				SWIFT_EMIT_LOC_STRINGS = YES;
				SWIFT_VERSION = 5.0;
				TARGETED_DEVICE_FAMILY = "1,2";
			};
			name = Release;
		};
		09947C0828041E9F009F7424 /* Debug */ = {
			isa = XCBuildConfiguration;
			buildSettings = {
				ALWAYS_EMBED_SWIFT_STANDARD_LIBRARIES = YES;
				BUNDLE_LOADER = "$(TEST_HOST)";
				CODE_SIGN_STYLE = Automatic;
				CURRENT_PROJECT_VERSION = 1;
				GENERATE_INFOPLIST_FILE = YES;
				IPHONEOS_DEPLOYMENT_TARGET = 15.2;
				MARKETING_VERSION = 1.0;
				PRODUCT_BUNDLE_IDENTIFIER = com.KakaoPayMVCTests;
				PRODUCT_NAME = "$(TARGET_NAME)";
				SWIFT_EMIT_LOC_STRINGS = NO;
				SWIFT_VERSION = 5.0;
				TARGETED_DEVICE_FAMILY = "1,2";
				TEST_HOST = "$(BUILT_PRODUCTS_DIR)/KakaoPayMVC.app/KakaoPayMVC";
			};
			name = Debug;
		};
		09947C0928041E9F009F7424 /* Release */ = {
			isa = XCBuildConfiguration;
			buildSettings = {
				ALWAYS_EMBED_SWIFT_STANDARD_LIBRARIES = YES;
				BUNDLE_LOADER = "$(TEST_HOST)";
				CODE_SIGN_STYLE = Automatic;
				CURRENT_PROJECT_VERSION = 1;
				GENERATE_INFOPLIST_FILE = YES;
				IPHONEOS_DEPLOYMENT_TARGET = 15.2;
				MARKETING_VERSION = 1.0;
				PRODUCT_BUNDLE_IDENTIFIER = com.KakaoPayMVCTests;
				PRODUCT_NAME = "$(TARGET_NAME)";
				SWIFT_EMIT_LOC_STRINGS = NO;
				SWIFT_VERSION = 5.0;
				TARGETED_DEVICE_FAMILY = "1,2";
				TEST_HOST = "$(BUILT_PRODUCTS_DIR)/KakaoPayMVC.app/KakaoPayMVC";
			};
			name = Release;
		};
		09947C0B28041E9F009F7424 /* Debug */ = {
			isa = XCBuildConfiguration;
			buildSettings = {
				ALWAYS_EMBED_SWIFT_STANDARD_LIBRARIES = YES;
				CODE_SIGN_STYLE = Automatic;
				CURRENT_PROJECT_VERSION = 1;
				GENERATE_INFOPLIST_FILE = YES;
				MARKETING_VERSION = 1.0;
				PRODUCT_BUNDLE_IDENTIFIER = com.KakaoPayMVCUITests;
				PRODUCT_NAME = "$(TARGET_NAME)";
				SWIFT_EMIT_LOC_STRINGS = NO;
				SWIFT_VERSION = 5.0;
				TARGETED_DEVICE_FAMILY = "1,2";
				TEST_TARGET_NAME = KakaoPayMVC;
			};
			name = Debug;
		};
		09947C0C28041E9F009F7424 /* Release */ = {
			isa = XCBuildConfiguration;
			buildSettings = {
				ALWAYS_EMBED_SWIFT_STANDARD_LIBRARIES = YES;
				CODE_SIGN_STYLE = Automatic;
				CURRENT_PROJECT_VERSION = 1;
				GENERATE_INFOPLIST_FILE = YES;
				MARKETING_VERSION = 1.0;
				PRODUCT_BUNDLE_IDENTIFIER = com.KakaoPayMVCUITests;
				PRODUCT_NAME = "$(TARGET_NAME)";
				SWIFT_EMIT_LOC_STRINGS = NO;
				SWIFT_VERSION = 5.0;
				TARGETED_DEVICE_FAMILY = "1,2";
				TEST_TARGET_NAME = KakaoPayMVC;
			};
			name = Release;
		};
/* End XCBuildConfiguration section */

/* Begin XCConfigurationList section */
		09947BD528041E9E009F7424 /* Build configuration list for PBXProject "KakaoPayMVC" */ = {
			isa = XCConfigurationList;
			buildConfigurations = (
				09947C0228041E9F009F7424 /* Debug */,
				09947C0328041E9F009F7424 /* Release */,
			);
			defaultConfigurationIsVisible = 0;
			defaultConfigurationName = Release;
		};
		09947C0428041E9F009F7424 /* Build configuration list for PBXNativeTarget "KakaoPayMVC" */ = {
			isa = XCConfigurationList;
			buildConfigurations = (
				09947C0528041E9F009F7424 /* Debug */,
				09947C0628041E9F009F7424 /* Release */,
			);
			defaultConfigurationIsVisible = 0;
			defaultConfigurationName = Release;
		};
		09947C0728041E9F009F7424 /* Build configuration list for PBXNativeTarget "KakaoPayMVCTests" */ = {
			isa = XCConfigurationList;
			buildConfigurations = (
				09947C0828041E9F009F7424 /* Debug */,
				09947C0928041E9F009F7424 /* Release */,
			);
			defaultConfigurationIsVisible = 0;
			defaultConfigurationName = Release;
		};
		09947C0A28041E9F009F7424 /* Build configuration list for PBXNativeTarget "KakaoPayMVCUITests" */ = {
			isa = XCConfigurationList;
			buildConfigurations = (
				09947C0B28041E9F009F7424 /* Debug */,
				09947C0C28041E9F009F7424 /* Release */,
			);
			defaultConfigurationIsVisible = 0;
			defaultConfigurationName = Release;
		};
/* End XCConfigurationList section */
	};
	rootObject = 09947BD228041E9E009F7424 /* Project object */;
}
